
Microsoft Visual Studio Solution File, Format Version 12.00
# Visual Studio Version 17
VisualStudioVersion = 17.4.33122.133
MinimumVisualStudioVersion = 10.0.40219.1
Project("{FAE04EC0-301F-11D3-BF4B-00C04F79EFBC}") = "WINFORMS - HW", "WINFORMS - HW.csproj", "{66F7459B-44C8-47B6-8106-B5472B932E95}"
EndProject
Global
	GlobalSection(SolutionConfigurationPlatforms) = preSolution
		Debug|Any CPU = Debug|Any CPU
		Release|Any CPU = Release|Any CPU
	EndGlobalSection
	GlobalSection(ProjectConfigurationPlatforms) = postSolution
		{66F7459B-44C8-47B6-8106-B5472B932E95}.Debug|Any CPU.ActiveCfg = Debug|Any CPU
		{66F7459B-44C8-47B6-8106-B5472B932E95}.Debug|Any CPU.Build.0 = Debug|Any CPU
		{66F7459B-44C8-47B6-8106-B5472B932E95}.Release|Any CPU.ActiveCfg = Release|Any CPU
		{66F7459B-44C8-47B6-8106-B5472B932E95}.Release|Any CPU.Build.0 = Release|Any CPU
	EndGlobalSection
	GlobalSection(SolutionProperties) = preSolution
		HideSolutionNode = FALSE
	EndGlobalSection
	GlobalSection(ExtensibilityGlobals) = postSolution
		SolutionGuid = {30B7C5EB-9D81-4A7F-A98C-CA52F184BEF4}
	EndGlobalSection
EndGlobal
